
Microsoft Visual Studio Solution File, Format Version 12.00
# Visual Studio 14
VisualStudioVersion = 14.0.25420.1
MinimumVisualStudioVersion = 10.0.40219.1
Project("{FAE04EC0-301F-11D3-BF4B-00C04F79EFBC}") = "WpfApplication1", "WpfApplication1\WpfApplication1.csproj", "{C53597BC-9E1D-4740-9A01-55408A1F3F5B}"
EndProject
Project("{FAE04EC0-301F-11D3-BF4B-00C04F79EFBC}") = "Common", "Common\Common.csproj", "{BF78856C-13EC-4FBB-A72B-616613787B56}"
EndProject
Project("{FAE04EC0-301F-11D3-BF4B-00C04F79EFBC}") = "WebAngular", "WebAngular\WebAngular.csproj", "{2EF6F945-3DA1-4D0B-8ADF-47683D0F7321}"
EndProject
Project("{FAE04EC0-301F-11D3-BF4B-00C04F79EFBC}") = "WebFormForHTML", "WebFormForHTML\WebFormForHTML.csproj", "{982DD732-11A7-470F-B994-05BBD4DCF477}"
EndProject
Project("{FAE04EC0-301F-11D3-BF4B-00C04F79EFBC}") = "LeoErrorMessage", "LeoErrorMessage\LeoErrorMessage.csproj", "{711026A4-5DBA-49B8-AD3E-D6FF7A366B84}"
EndProject
Project("{2150E333-8FDC-42A3-9474-1A3956D46DE8}") = "work_wpf", "work_wpf", "{5F9D9757-43F6-4D03-863B-567452DF8F70}"
EndProject
Project("{2150E333-8FDC-42A3-9474-1A3956D46DE8}") = "js", "js", "{BC10BDAD-0C62-4068-88EA-E7064E7C3640}"
EndProject
Project("{2150E333-8FDC-42A3-9474-1A3956D46DE8}") = "css", "css", "{A0E72AFE-6D03-48AC-BE53-30BA6E2E5F39}"
EndProject
Project("{2150E333-8FDC-42A3-9474-1A3956D46DE8}") = "mvc", "mvc", "{1B0C9CD9-7558-44E5-8472-BEFE60408DEA}"
EndProject
Project("{2150E333-8FDC-42A3-9474-1A3956D46DE8}") = "pluralsight", "pluralsight", "{4BDFF211-7576-462D-860C-A37CACF92602}"
EndProject
Project("{2150E333-8FDC-42A3-9474-1A3956D46DE8}") = "html", "html", "{E1637383-E9D4-487D-A9D8-D6FBE5D44F6E}"
EndProject
Project("{FAE04EC0-301F-11D3-BF4B-00C04F79EFBC}") = "WebFormHtml", "WebFormHtml\WebFormHtml.csproj", "{959659AC-9CEC-4009-8BBC-514EA1772362}"
EndProject
Project("{FAE04EC0-301F-11D3-BF4B-00C04F79EFBC}") = "javascriptJquery", "javascript-programming-basics\javascriptJquery.csproj", "{9DAF504F-B3EA-4EE0-BBDF-C672C8206053}"
EndProject
Project("{2150E333-8FDC-42A3-9474-1A3956D46DE8}") = "WCF", "WCF", "{143C8B33-3387-449D-B270-9879CBCB009B}"
EndProject
Project("{FAE04EC0-301F-11D3-BF4B-00C04F79EFBC}") = "WcfServiceStudy", "WcfServiceStudy\WcfServiceStudy.csproj", "{BD4464B3-0793-465E-983A-38070BA021CF}"
EndProject
Project("{FAE04EC0-301F-11D3-BF4B-00C04F79EFBC}") = "MvcWebApi", "MvcWebApi\MvcWebApi.csproj", "{93E87301-8E24-4E81-BB37-B7003293A173}"
EndProject
Project("{2150E333-8FDC-42A3-9474-1A3956D46DE8}") = "Transcript", "Transcript", "{F3B59D04-FB46-445F-A73A-8CF6423BAAA4}"
EndProject
Project("{FAE04EC0-301F-11D3-BF4B-00C04F79EFBC}") = "Transcript", "Transcript\Transcript.csproj", "{BC1D0505-ABEA-455D-AD1C-104D0A83C2BE}"
EndProject
Project("{FAE04EC0-301F-11D3-BF4B-00C04F79EFBC}") = "BuildMVC4", "BuildMVC4\BuildMVC4.csproj", "{1E9FE3C0-412A-47C0-A845-C39C7E7A2B44}"
EndProject
Global
	GlobalSection(SolutionConfigurationPlatforms) = preSolution
		Debug|Any CPU = Debug|Any CPU
		Release|Any CPU = Release|Any CPU
	EndGlobalSection
	GlobalSection(ProjectConfigurationPlatforms) = postSolution
		{C53597BC-9E1D-4740-9A01-55408A1F3F5B}.Debug|Any CPU.ActiveCfg = Debug|Any CPU
		{C53597BC-9E1D-4740-9A01-55408A1F3F5B}.Debug|Any CPU.Build.0 = Debug|Any CPU
		{C53597BC-9E1D-4740-9A01-55408A1F3F5B}.Release|Any CPU.ActiveCfg = Release|Any CPU
		{C53597BC-9E1D-4740-9A01-55408A1F3F5B}.Release|Any CPU.Build.0 = Release|Any CPU
		{BF78856C-13EC-4FBB-A72B-616613787B56}.Debug|Any CPU.ActiveCfg = Debug|Any CPU
		{BF78856C-13EC-4FBB-A72B-616613787B56}.Debug|Any CPU.Build.0 = Debug|Any CPU
		{BF78856C-13EC-4FBB-A72B-616613787B56}.Release|Any CPU.ActiveCfg = Release|Any CPU
		{BF78856C-13EC-4FBB-A72B-616613787B56}.Release|Any CPU.Build.0 = Release|Any CPU
		{2EF6F945-3DA1-4D0B-8ADF-47683D0F7321}.Debug|Any CPU.ActiveCfg = Debug|Any CPU
		{2EF6F945-3DA1-4D0B-8ADF-47683D0F7321}.Debug|Any CPU.Build.0 = Debug|Any CPU
		{2EF6F945-3DA1-4D0B-8ADF-47683D0F7321}.Release|Any CPU.ActiveCfg = Release|Any CPU
		{2EF6F945-3DA1-4D0B-8ADF-47683D0F7321}.Release|Any CPU.Build.0 = Release|Any CPU
		{982DD732-11A7-470F-B994-05BBD4DCF477}.Debug|Any CPU.ActiveCfg = Debug|Any CPU
		{982DD732-11A7-470F-B994-05BBD4DCF477}.Debug|Any CPU.Build.0 = Debug|Any CPU
		{982DD732-11A7-470F-B994-05BBD4DCF477}.Release|Any CPU.ActiveCfg = Release|Any CPU
		{982DD732-11A7-470F-B994-05BBD4DCF477}.Release|Any CPU.Build.0 = Release|Any CPU
		{711026A4-5DBA-49B8-AD3E-D6FF7A366B84}.Debug|Any CPU.ActiveCfg = Debug|Any CPU
		{711026A4-5DBA-49B8-AD3E-D6FF7A366B84}.Debug|Any CPU.Build.0 = Debug|Any CPU
		{711026A4-5DBA-49B8-AD3E-D6FF7A366B84}.Release|Any CPU.ActiveCfg = Release|Any CPU
		{711026A4-5DBA-49B8-AD3E-D6FF7A366B84}.Release|Any CPU.Build.0 = Release|Any CPU
		{959659AC-9CEC-4009-8BBC-514EA1772362}.Debug|Any CPU.ActiveCfg = Debug|Any CPU
		{959659AC-9CEC-4009-8BBC-514EA1772362}.Debug|Any CPU.Build.0 = Debug|Any CPU
		{959659AC-9CEC-4009-8BBC-514EA1772362}.Release|Any CPU.ActiveCfg = Release|Any CPU
		{959659AC-9CEC-4009-8BBC-514EA1772362}.Release|Any CPU.Build.0 = Release|Any CPU
		{9DAF504F-B3EA-4EE0-BBDF-C672C8206053}.Debug|Any CPU.ActiveCfg = Debug|Any CPU
		{9DAF504F-B3EA-4EE0-BBDF-C672C8206053}.Debug|Any CPU.Build.0 = Debug|Any CPU
		{9DAF504F-B3EA-4EE0-BBDF-C672C8206053}.Release|Any CPU.ActiveCfg = Release|Any CPU
		{9DAF504F-B3EA-4EE0-BBDF-C672C8206053}.Release|Any CPU.Build.0 = Release|Any CPU
		{BD4464B3-0793-465E-983A-38070BA021CF}.Debug|Any CPU.ActiveCfg = Debug|Any CPU
		{BD4464B3-0793-465E-983A-38070BA021CF}.Debug|Any CPU.Build.0 = Debug|Any CPU
		{BD4464B3-0793-465E-983A-38070BA021CF}.Release|Any CPU.ActiveCfg = Release|Any CPU
		{BD4464B3-0793-465E-983A-38070BA021CF}.Release|Any CPU.Build.0 = Release|Any CPU
		{93E87301-8E24-4E81-BB37-B7003293A173}.Debug|Any CPU.ActiveCfg = Debug|Any CPU
		{93E87301-8E24-4E81-BB37-B7003293A173}.Debug|Any CPU.Build.0 = Debug|Any CPU
		{93E87301-8E24-4E81-BB37-B7003293A173}.Release|Any CPU.ActiveCfg = Release|Any CPU
		{93E87301-8E24-4E81-BB37-B7003293A173}.Release|Any CPU.Build.0 = Release|Any CPU
		{BC1D0505-ABEA-455D-AD1C-104D0A83C2BE}.Debug|Any CPU.ActiveCfg = Debug|Any CPU
		{BC1D0505-ABEA-455D-AD1C-104D0A83C2BE}.Debug|Any CPU.Build.0 = Debug|Any CPU
		{BC1D0505-ABEA-455D-AD1C-104D0A83C2BE}.Release|Any CPU.ActiveCfg = Release|Any CPU
		{BC1D0505-ABEA-455D-AD1C-104D0A83C2BE}.Release|Any CPU.Build.0 = Release|Any CPU
		{1E9FE3C0-412A-47C0-A845-C39C7E7A2B44}.Debug|Any CPU.ActiveCfg = Debug|Any CPU
		{1E9FE3C0-412A-47C0-A845-C39C7E7A2B44}.Debug|Any CPU.Build.0 = Debug|Any CPU
		{1E9FE3C0-412A-47C0-A845-C39C7E7A2B44}.Release|Any CPU.ActiveCfg = Release|Any CPU
		{1E9FE3C0-412A-47C0-A845-C39C7E7A2B44}.Release|Any CPU.Build.0 = Release|Any CPU
	EndGlobalSection
	GlobalSection(SolutionProperties) = preSolution
		HideSolutionNode = FALSE
	EndGlobalSection
	GlobalSection(NestedProjects) = preSolution
		{C53597BC-9E1D-4740-9A01-55408A1F3F5B} = {5F9D9757-43F6-4D03-863B-567452DF8F70}
		{BF78856C-13EC-4FBB-A72B-616613787B56} = {5F9D9757-43F6-4D03-863B-567452DF8F70}
		{2EF6F945-3DA1-4D0B-8ADF-47683D0F7321} = {5F9D9757-43F6-4D03-863B-567452DF8F70}
		{982DD732-11A7-470F-B994-05BBD4DCF477} = {5F9D9757-43F6-4D03-863B-567452DF8F70}
		{711026A4-5DBA-49B8-AD3E-D6FF7A366B84} = {5F9D9757-43F6-4D03-863B-567452DF8F70}
		{BC10BDAD-0C62-4068-88EA-E7064E7C3640} = {4BDFF211-7576-462D-860C-A37CACF92602}
		{A0E72AFE-6D03-48AC-BE53-30BA6E2E5F39} = {4BDFF211-7576-462D-860C-A37CACF92602}
		{1B0C9CD9-7558-44E5-8472-BEFE60408DEA} = {4BDFF211-7576-462D-860C-A37CACF92602}
		{E1637383-E9D4-487D-A9D8-D6FBE5D44F6E} = {4BDFF211-7576-462D-860C-A37CACF92602}
		{959659AC-9CEC-4009-8BBC-514EA1772362} = {1B0C9CD9-7558-44E5-8472-BEFE60408DEA}
		{9DAF504F-B3EA-4EE0-BBDF-C672C8206053} = {BC10BDAD-0C62-4068-88EA-E7064E7C3640}
		{143C8B33-3387-449D-B270-9879CBCB009B} = {4BDFF211-7576-462D-860C-A37CACF92602}
		{BD4464B3-0793-465E-983A-38070BA021CF} = {143C8B33-3387-449D-B270-9879CBCB009B}
		{93E87301-8E24-4E81-BB37-B7003293A173} = {4BDFF211-7576-462D-860C-A37CACF92602}
		{F3B59D04-FB46-445F-A73A-8CF6423BAAA4} = {4BDFF211-7576-462D-860C-A37CACF92602}
		{BC1D0505-ABEA-455D-AD1C-104D0A83C2BE} = {F3B59D04-FB46-445F-A73A-8CF6423BAAA4}
		{1E9FE3C0-412A-47C0-A845-C39C7E7A2B44} = {1B0C9CD9-7558-44E5-8472-BEFE60408DEA}
	EndGlobalSection
EndGlobal
